{
  "name": "mapped-repair-events",
  "lockfileVersion": 3,
  "requires": true,
  "packages": {
    "": {
      "name": "mapped-repair-events",
      "hasInstallScript": true,
      "license": "MIT",
      "dependencies": {
        "@fortawesome/fontawesome-free": "7.3.1",
        "@sintef/prune-cluster": "^2.1.0",
        "blueimp-file-upload": "^10.32.0",
        "chart.js": "^4.5.1",
        "chartjs-plugin-datalabels": "^2.2.0",
        "clipboard": "^2.0.11",
        "detect_swipe": "^2.1.4",
        "featherlight": "^1.7.14",
        "fullcalendar": "7.0.1",
        "jodit": "^4.13.5",
        "jquery": "^3.7.1",
        "jquery-knob": "^1.2.11",
        "jquery-slugify": "^1.2.5",
        "jquery-ui": "^1.14.2",
        "leaflet": "^1.9.4",
        "moment": "^2.30.1",
        "scrolltofixed": "^1.0.6",
        "select2": "^4.1.0",
        "slidebars": "^2.0.2",
        "speakingurl": "^14.0.1",
        "sweetalert2": "^11.15.10",
        "swiper": "^14.0.6"
      }
    },
    "node_modules/@fortawesome/fontawesome-free": {
      "version": "7.3.1",
      "resolved": "https://registry.npmjs.org/@fortawesome/fontawesome-free/-/fontawesome-free-7.3.1.tgz",
      "integrity": "sha512-wmglKKPDIkgV3aWlZzWECCPoGIkYCulzBwxG9+w7rc5BGapZ6cPMpoPOT8k36J0Ni7PPX6c/rsoMWfS4d1MUMg==",
      "license": "(CC-BY-4.0 AND OFL-1.1 AND MIT)",
      "engines": {
        "node": ">=6"
      }
    },
    "node_modules/@full-ui/headless-calendar": {
      "version": "7.0.1",
      "resolved": "https://registry.npmjs.org/@full-ui/headless-calendar/-/headless-calendar-7.0.1.tgz",
      "integrity": "sha512-ridxaPRKiSzfeXkk8kta1wC9asYqPWXf4q0KbUW5hRvWQ1rkxeUbhBarcMEOFC7FvJHczPSAm0JzSrXv/ykuKw==",
      "license": "MIT",
      "peerDependencies": {
        "temporal-polyfill": "^1.0.1"
      }
    },
    "node_modules/@fullcalendar/core": {
      "version": "7.0.1",
      "resolved": "https://registry.npmjs.org/@fullcalendar/core/-/core-7.0.1.tgz",
      "integrity": "sha512-SRJT4lSRZZGVCz6ss48pFCNiIS7iutpQVID73GFQufH94MTYs+akCW9aKCjMwsnEWad5UV7Mcm4xndFQ4dDi0g==",
      "license": "MIT",
      "peerDependencies": {
        "@full-ui/headless-calendar": "7.0.1",
        "temporal-polyfill": "^1.0.1"
      }
    },
    "node_modules/@kurkle/color": {
      "version": "0.3.1",
      "resolved": "https://registry.npmjs.org/@kurkle/color/-/color-0.3.1.tgz",
      "integrity": "sha512-hW0GwZj06z/ZFUW2Espl7toVDjghJN+EKqyXzPSV8NV89d5BYp5rRMBJoc+aUN0x5OXDMeRQHazejr2Xmqj2tw=="
    },
    "node_modules/@sintef/prune-cluster": {
      "version": "2.1.0",
      "resolved": "https://registry.npmjs.org/@sintef/prune-cluster/-/prune-cluster-2.1.0.tgz",
      "integrity": "sha512-SIU20mqBcuFJoVdX39dPQSeF/PU+Q6zVBhMHlgcUnaduaBvp8OjhKany+PefBwWYuJHcldv9UogXRwJffUfS1A=="
    },
    "node_modules/blueimp-canvas-to-blob": {
      "version": "3.27.0",
      "resolved": "https://registry.npmjs.org/blueimp-canvas-to-blob/-/blueimp-canvas-to-blob-3.27.0.tgz",
      "integrity": "sha512-AcIj+hCw6WquxzJuzC6KzgYmqxLFeTWe88KuY2BEIsW1zbEOfoinDAGlhyvFNGt+U3JElkVSK7anA1FaSdmmfA==",
      "optional": true
    },
    "node_modules/blueimp-file-upload": {
      "version": "10.32.0",
      "resolved": "https://registry.npmjs.org/blueimp-file-upload/-/blueimp-file-upload-10.32.0.tgz",
      "integrity": "sha512-3WMJw5Cbfz94Adl1OeyH+rRpGwHiNHzja+CR6aRWPoAtwrUwvP5gXKo0XdX+sdPE+iCU63Xmba88hoHQmzY8RQ==",
      "optionalDependencies": {
        "blueimp-canvas-to-blob": "3",
        "blueimp-load-image": "5",
        "blueimp-tmpl": "3"
      },
      "peerDependencies": {
        "jquery": ">=1.7"
      }
    },
    "node_modules/blueimp-load-image": {
      "version": "5.13.0",
      "resolved": "https://registry.npmjs.org/blueimp-load-image/-/blueimp-load-image-5.13.0.tgz",
      "integrity": "sha512-CMmLihVqW0AtRGObKIRxYaVUj+2hw2MkeNHoD2JuobpKZFnCCUVCBIeyYkh8xiq3DHIfHfvsp9l0VpM30k3EXQ==",
      "optional": true
    },
    "node_modules/blueimp-tmpl": {
      "version": "3.17.0",
      "resolved": "https://registry.npmjs.org/blueimp-tmpl/-/blueimp-tmpl-3.17.0.tgz",
      "integrity": "sha512-rqj27a+sA+HFMK+96MXSnhoFhQ+sbI7/6ktcEZ1Z0wXQ6Z9Tr2NJm6W1OUQs20CBxuGeMhWtcHIHS/bHeE0B3Q==",
      "optional": true,
      "bin": {
        "tmpl.js": "js/compile.js"
      }
    },
    "node_modules/chart.js": {
      "version": "4.5.1",
      "resolved": "https://registry.npmjs.org/chart.js/-/chart.js-4.5.1.tgz",
      "integrity": "sha512-GIjfiT9dbmHRiYi6Nl2yFCq7kkwdkp1W/lp2J99rX0yo9tgJGn3lKQATztIjb5tVtevcBtIdICNWqlq5+E8/Pw==",
      "license": "MIT",
      "dependencies": {
        "@kurkle/color": "^0.3.0"
      },
      "engines": {
        "pnpm": ">=8"
      }
    },
    "node_modules/chartjs-plugin-datalabels": {
      "version": "2.2.0",
      "resolved": "https://registry.npmjs.org/chartjs-plugin-datalabels/-/chartjs-plugin-datalabels-2.2.0.tgz",
      "integrity": "sha512-14ZU30lH7n89oq+A4bWaJPnAG8a7ZTk7dKf48YAzMvJjQtjrgg5Dpk9f+LbjCF6bpx3RAGTeL13IXpKQYyRvlw==",
      "peerDependencies": {
        "chart.js": ">=3.0.0"
      }
    },
    "node_modules/clipboard": {
      "version": "2.0.11",
      "resolved": "https://registry.npmjs.org/clipboard/-/clipboard-2.0.11.tgz",
      "integrity": "sha512-C+0bbOqkezLIsmWSvlsXS0Q0bmkugu7jcfMIACB+RDEntIzQIkdr148we28AfSloQLRdZlYL/QYyrq05j/3Faw==",
      "dependencies": {
        "good-listener": "^1.2.2",
        "select": "^1.1.2",
        "tiny-emitter": "^2.0.0"
      }
    },
    "node_modules/delegate": {
      "version": "3.2.0",
      "resolved": "https://registry.npmjs.org/delegate/-/delegate-3.2.0.tgz",
      "integrity": "sha512-IofjkYBZaZivn0V8nnsMJGBr4jVLxHDheKSW88PyxS5QC4Vo9ZbZVvhzlSxY87fVq3STR6r+4cGepyHkcWOQSw=="
    },
    "node_modules/detect_swipe": {
      "version": "2.1.4",
      "resolved": "https://registry.npmjs.org/detect_swipe/-/detect_swipe-2.1.4.tgz",
      "integrity": "sha1-f9FVz1lMvE5HwLR5lZtKkbb/PEI=",
      "dependencies": {
        "jquery": ">=1.8.0"
      }
    },
    "node_modules/featherlight": {
      "version": "1.7.14",
      "resolved": "https://registry.npmjs.org/featherlight/-/featherlight-1.7.14.tgz",
      "integrity": "sha512-4R0Vk0pTN5IPCuMABPtXJ6hgGgoK1qwbxGB4Nf06gXovw/i+r3s/f94ksZYjsW3c2oMEAS9A8exdlNaX9YSSRQ=="
    },
    "node_modules/fullcalendar": {
      "version": "7.0.1",
      "resolved": "https://registry.npmjs.org/fullcalendar/-/fullcalendar-7.0.1.tgz",
      "integrity": "sha512-e4HymMjH93UtKq9srPeN1cwmVsW5w6CmVNIb4qr4q1tMpl8RpMD9zaJAbbtlSjjMH0ELGP9yJwq9l34wDPUenA==",
      "license": "MIT",
      "dependencies": {
        "@full-ui/headless-calendar": "7.0.1",
        "@fullcalendar/core": "7.0.1",
        "preact": "^10.29.0"
      },
      "peerDependencies": {
        "temporal-polyfill": "^1.0.1"
      }
    },
    "node_modules/good-listener": {
      "version": "1.2.2",
      "resolved": "https://registry.npmjs.org/good-listener/-/good-listener-1.2.2.tgz",
      "integrity": "sha1-1TswzfkxPf+33JoNR3CWqm0UXFA=",
      "dependencies": {
        "delegate": "^3.1.2"
      }
    },
    "node_modules/jodit": {
      "version": "4.13.5",
      "resolved": "https://registry.npmjs.org/jodit/-/jodit-4.13.5.tgz",
      "integrity": "sha512-twkjhKewz/jtxu2RCLYK406LZK8+epsALTUBjrbvu5gXdEh1NiL1cj1qeX9DPl9RIJjKKgN8MIcxemn5Zb41nw==",
      "license": "MIT"
    },
    "node_modules/jquery": {
      "version": "3.7.1",
      "resolved": "https://registry.npmjs.org/jquery/-/jquery-3.7.1.tgz",
      "integrity": "sha512-m4avr8yL8kmFN8psrbFFFmB/If14iN5o9nw/NgnnM+kybDJpRsAynV2BsfpTYrTRysYUdADVD7CkUUizgkpLfg=="
    },
    "node_modules/jquery-knob": {
      "version": "1.2.11",
      "resolved": "https://registry.npmjs.org/jquery-knob/-/jquery-knob-1.2.11.tgz",
      "integrity": "sha512-gyeWDmtr2x8XJLSNS2JGNYDUNmfmMrwmFcGPDJ074jnPPvMYf3PJFud4/6AubCT8ahOY7UL4YvALtSwCrxtBBQ==",
      "license": "MIT"
    },
    "node_modules/jquery-slugify": {
      "version": "1.2.5",
      "resolved": "https://registry.npmjs.org/jquery-slugify/-/jquery-slugify-1.2.5.tgz",
      "integrity": "sha512-udpSEkkqd81ZnFb6m077XmKvpGil00LkQjx0BAbz4yVlx0HxZh5HD3HhXyuNB8XdZz0Qt8tHZL53Ckzq3I5F8Q==",
      "dependencies": {
        "speakingurl": "~9.0.0"
      }
    },
    "node_modules/jquery-slugify/node_modules/speakingurl": {
      "version": "9.0.0",
      "resolved": "https://registry.npmjs.org/speakingurl/-/speakingurl-9.0.0.tgz",
      "integrity": "sha1-qZSUBBYn8x1tFMOLVx/6Oi7JW9o=",
      "engines": {
        "node": ">=0.10.0"
      }
    },
    "node_modules/jquery-ui": {
      "version": "1.14.2",
      "resolved": "https://registry.npmjs.org/jquery-ui/-/jquery-ui-1.14.2.tgz",
      "integrity": "sha512-1gSl7PUjyipa2adSr780Ujk16faicrV7PjPPzPtvWk7tTqBnsqp67NNV9jZK2+BIxUPXWSnIUU/LBCgwgGZE+Q==",
      "license": "MIT",
      "dependencies": {
        "jquery": ">=1.12.0 <5.0.0"
      }
    },
    "node_modules/leaflet": {
      "version": "1.9.4",
      "resolved": "https://registry.npmjs.org/leaflet/-/leaflet-1.9.4.tgz",
      "integrity": "sha512-nxS1ynzJOmOlHp+iL3FyWqK89GtNL8U8rvlMOsQdTTssxZwCXh8N2NB3GDQOL+YR3XnWyZAxwQixURb+FA74PA=="
    },
    "node_modules/moment": {
      "version": "2.30.1",
      "resolved": "https://registry.npmjs.org/moment/-/moment-2.30.1.tgz",
      "integrity": "sha512-uEmtNhbDOrWPFS+hdjFCBfy9f2YoyzRpwcl+DqpC6taX21FzsTLQVbMV/W7PzNSX6x/bhC1zA3c2UQ5NzH6how==",
      "engines": {
        "node": "*"
      }
    },
    "node_modules/preact": {
      "version": "10.29.7",
      "resolved": "https://registry.npmjs.org/preact/-/preact-10.29.7.tgz",
      "integrity": "sha512-DCHYrK/B10yUD3ZjLfhZ3WIE/9Vf9VFUODcRE2dRomTYDpJk6z6L9wecSfhfE6M9ZTHUdyQkoC46arIDhEV84Q==",
      "license": "MIT",
      "funding": {
        "type": "opencollective",
        "url": "https://opencollective.com/preact"
      },
      "peerDependencies": {
        "preact-render-to-string": ">=5"
      },
      "peerDependenciesMeta": {
        "preact-render-to-string": {
          "optional": true
        }
      }
    },
    "node_modules/scrolltofixed": {
      "version": "1.0.6",
      "resolved": "https://registry.npmjs.org/scrolltofixed/-/scrolltofixed-1.0.6.tgz",
      "integrity": "sha1-LbIi8eqheLeBTtSeZDVrgCW7yiU="
    },
    "node_modules/select": {
      "version": "1.1.2",
      "resolved": "https://registry.npmjs.org/select/-/select-1.1.2.tgz",
      "integrity": "sha1-DnNQrN7ICxEIUoeG7B1EGNEbOW0="
    },
    "node_modules/select2": {
      "version": "4.1.0",
      "resolved": "https://registry.npmjs.org/select2/-/select2-4.1.0.tgz",
      "integrity": "sha512-i9KalWOP4/LRRGc8+rj2krNm0ZqP14cV+j1TRCEBSsOhCPkKH8rYZ2MCRXcgvqIqN+llqGci0hj9aVkCMvL0+g==",
      "license": "MIT",
      "engines": {
        "node": ">=24"
      }
    },
    "node_modules/slidebars": {
      "version": "2.0.2",
      "resolved": "https://registry.npmjs.org/slidebars/-/slidebars-2.0.2.tgz",
      "integrity": "sha1-zFPDZaEWA+k6C94yzywcSy8Eu2s=",
      "dependencies": {
        "jquery": ">=1.8"
      }
    },
    "node_modules/speakingurl": {
      "version": "14.0.1",
      "resolved": "https://registry.npmjs.org/speakingurl/-/speakingurl-14.0.1.tgz",
      "integrity": "sha512-1POYv7uv2gXoyGFpBCmpDVSNV74IfsWlDW216UPjbWufNf+bSU6GdbDsxdcxtfwb4xlI3yxzOTKClUosxARYrQ==",
      "engines": {
        "node": ">=0.10.0"
      }
    },
    "node_modules/sweetalert2": {
      "version": "11.26.25",
      "resolved": "https://registry.npmjs.org/sweetalert2/-/sweetalert2-11.26.25.tgz",
      "integrity": "sha512-+hunCOJdJ6FLj04T9YSLvvZXRjsvIkTeTKP2e4VF8CaBias961BTnWiSFAy7F/CM5eq3QK2Rraoc5Gzftslvkg==",
      "license": "MIT",
      "funding": {
        "type": "individual",
        "url": "https://github.com/sponsors/limonte"
      }
    },
    "node_modules/swiper": {
      "version": "14.0.6",
      "resolved": "https://registry.npmjs.org/swiper/-/swiper-14.0.6.tgz",
      "integrity": "sha512-ArptjmcZMBvpLCbvzSKuqvQpjjITCbZdymiGOrbZQffQ3ZSjgpvMByXX0WZBUt+FV4PPIumdYfZ9ZdBbFsdH6g==",
      "funding": [
        {
          "type": "custom",
          "url": "https://sponsors.nolimits4web.com"
        },
        {
          "type": "github",
          "url": "https://github.com/sponsors/nolimits4web"
        }
      ],
      "license": "MIT",
      "engines": {
        "node": ">= 4.7.0"
      }
    },
    "node_modules/temporal-polyfill": {
      "version": "1.0.1",
      "resolved": "https://registry.npmjs.org/temporal-polyfill/-/temporal-polyfill-1.0.1.tgz",
      "integrity": "sha512-N2SoI9olnW7BUsU8RosDphZQl9s+WJ8O7PoJMFCr/e5/1rFkVI4GNOWaSeySG+UoP04foPYsnLWbJmbXOiShZg==",
      "license": "MIT",
      "peer": true,
      "dependencies": {
        "temporal-spec": "1.0.0",
        "temporal-utils": "1.0.1"
      }
    },
    "node_modules/temporal-spec": {
      "version": "1.0.0",
      "resolved": "https://registry.npmjs.org/temporal-spec/-/temporal-spec-1.0.0.tgz",
      "integrity": "sha512-00Ahj1e1ifaERTMOIIGpOCdOo9IEk2m6GGSMedsn9a2SIsGLdOTbmME1Htv6IM82b6VHrzSUTIVc7YHy6hdhFQ==",
      "license": "Apache-2.0",
      "peer": true
    },
    "node_modules/temporal-utils": {
      "version": "1.0.1",
      "resolved": "https://registry.npmjs.org/temporal-utils/-/temporal-utils-1.0.1.tgz",
      "integrity": "sha512-HAixuesxFQIUaQk3ptX2jhfO/FsOkgVkDDMawvp6n/fkB1q6BKfs3lURw9I+pK/2e2e/q/vrLrxmeqauBoyGMQ==",
      "license": "MIT",
      "peer": true
    },
    "node_modules/tiny-emitter": {
      "version": "2.1.0",
      "resolved": "https://registry.npmjs.org/tiny-emitter/-/tiny-emitter-2.1.0.tgz",
      "integrity": "sha512-NB6Dk1A9xgQPMoGqC5CVXn123gWyte215ONT5Pp5a0yt4nlEoO1ZWeCwpncaekPHXO60i47ihFnZPiRPjRMq4Q=="
    }
  }
}
